
Microsoft Visual Studio Solution File, Format Version 12.00
# Visual Studio Version 17
VisualStudioVersion = 17.1.32319.34
MinimumVisualStudioVersion = 10.0.40219.1
Project("{FAE04EC0-301F-11D3-BF4B-00C04F79EFBC}") = "SuperHeroAPi", "SuperHeroAPi\SuperHeroAPi.csproj", "{1E9C9727-4716-4FBB-BB90-1A2E527117B5}"
EndProject
Global
	GlobalSection(SolutionConfigurationPlatforms) = preSolution
		Debug|Any CPU = Debug|Any CPU
		Release|Any CPU = Release|Any CPU
	EndGlobalSection
	GlobalSection(ProjectConfigurationPlatforms) = postSolution
		{1E9C9727-4716-4FBB-BB90-1A2E527117B5}.Debug|Any CPU.ActiveCfg = Debug|Any CPU
		{1E9C9727-4716-4FBB-BB90-1A2E527117B5}.Debug|Any CPU.Build.0 = Debug|Any CPU
		{1E9C9727-4716-4FBB-BB90-1A2E527117B5}.Release|Any CPU.ActiveCfg = Release|Any CPU
		{1E9C9727-4716-4FBB-BB90-1A2E527117B5}.Release|Any CPU.Build.0 = Release|Any CPU
	EndGlobalSection
	GlobalSection(SolutionProperties) = preSolution
		HideSolutionNode = FALSE
	EndGlobalSection
	GlobalSection(ExtensibilityGlobals) = postSolution
		SolutionGuid = {5549DB33-DEDE-457B-B1AD-0ACB881F8E3A}
	EndGlobalSection
EndGlobal
